{
  "name": "@puruslang/linter",
  "version": "0.3.1",
  "lockfileVersion": 3,
  "requires": true,
  "packages": {
    "": {
      "name": "@puruslang/linter",
      "version": "0.3.1",
      "license": "Apache-2.0",
      "bin": {
        "purus-lint": "src/cli.js"
      },
      "engines": {
        "node": ">=18"
      },
      "funding": {
        "url": "https://github.com/sponsors/otoneko1102"
      }
    }
  }
}
