{
  "name": "purus",
  "version": "0.2.0",
  "lockfileVersion": 3,
  "requires": true,
  "packages": {
    "": {
      "name": "purus",
      "version": "0.2.0",
      "license": "Apache-2.0",
      "bin": {
        "purus": "bin/purus.js"
      },
      "engines": {
        "node": ">=18"
      },
      "funding": {
        "url": "https://github.com/sponsors/otoneko1102"
      }
    }
  }
}
